// !$*UTF8*$!
{
	archiveVersion = 1;
	classes = {
	};
	objectVersion = 45;
	objects = {

/* Begin PBXBuildFile section */
		0663299F1030782900D3D668 /* rr_icon.png in Resources */ = {isa = PBXBuildFile; fileRef = 0663299E1030782900D3D668 /* rr_icon.png */; };
		06DBBE3910307F1E00392BB9 /* icon_suitcase.png in Resources */ = {isa = PBXBuildFile; fileRef = 06DBBE3810307F1E00392BB9 /* icon_suitcase.png */; };
		06DBBE3C10307FB500392BB9 /* icon_heart.png in Resources */ = {isa = PBXBuildFile; fileRef = 06DBBE3B10307FB500392BB9 /* icon_heart.png */; };
		1D3623260D0F684500981E51 /* Rails_RankrAppDelegate.m in Sources */ = {isa = PBXBuildFile; fileRef = 1D3623250D0F684500981E51 /* Rails_RankrAppDelegate.m */; };
		1D60589B0D05DD56006BFB54 /* main.m in Sources */ = {isa = PBXBuildFile; fileRef = 29B97316FDCFA39411CA2CEA /* main.m */; };
		1D60589F0D05DD5A006BFB54 /* Foundation.framework in Frameworks */ = {isa = PBXBuildFile; fileRef = 1D30AB110D05D00D00671497 /* Foundation.framework */; };
		1DF5F4E00D08C38300B7A737 /* UIKit.framework in Frameworks */ = {isa = PBXBuildFile; fileRef = 1DF5F4DF0D08C38300B7A737 /* UIKit.framework */; };
		288765080DF74369002DB57D /* CoreGraphics.framework in Frameworks */ = {isa = PBXBuildFile; fileRef = 288765070DF74369002DB57D /* CoreGraphics.framework */; };
		28AD73880D9D96C1002E5188 /* MainWindow.xib in Resources */ = {isa = PBXBuildFile; fileRef = 28AD73870D9D96C1002E5188 /* MainWindow.xib */; };
		F181B199102B42D700E06C6B /* CoreData.framework in Frameworks */ = {isa = PBXBuildFile; fileRef = F181B198102B42D700E06C6B /* CoreData.framework */; };
		F181B244102B5BB100E06C6B /* BaseResultsViewController.m in Sources */ = {isa = PBXBuildFile; fileRef = F181B243102B5BB100E06C6B /* BaseResultsViewController.m */; };
		F181B24A102B5EF200E06C6B /* background_profile.png in Resources */ = {isa = PBXBuildFile; fileRef = F181B249102B5EF200E06C6B /* background_profile.png */; };
		F181B250102B664D00E06C6B /* bg_searchcell.png in Resources */ = {isa = PBXBuildFile; fileRef = F181B24C102B664D00E06C6B /* bg_searchcell.png */; };
		F181B251102B664D00E06C6B /* btn_github.png in Resources */ = {isa = PBXBuildFile; fileRef = F181B24D102B664D00E06C6B /* btn_github.png */; };
		F181B252102B664D00E06C6B /* btn_recommend.png in Resources */ = {isa = PBXBuildFile; fileRef = F181B24E102B664D00E06C6B /* btn_recommend.png */; };
		F181B253102B664D00E06C6B /* btn_wwr.png in Resources */ = {isa = PBXBuildFile; fileRef = F181B24F102B664D00E06C6B /* btn_wwr.png */; };
		F181B380102B769B00E06C6B /* TestCellView.xib in Resources */ = {isa = PBXBuildFile; fileRef = F181B37F102B769B00E06C6B /* TestCellView.xib */; };
		F181BC58102CCB8E00E06C6B /* NSCharacterSet_Extensions.m in Sources */ = {isa = PBXBuildFile; fileRef = F181BC38102CCB8E00E06C6B /* NSCharacterSet_Extensions.m */; };
		F181BC59102CCB8E00E06C6B /* CDataScanner_Extensions.m in Sources */ = {isa = PBXBuildFile; fileRef = F181BC3A102CCB8E00E06C6B /* CDataScanner_Extensions.m */; };
		F181BC5A102CCB8E00E06C6B /* NSDictionary_JSONExtensions.m in Sources */ = {isa = PBXBuildFile; fileRef = F181BC3C102CCB8E00E06C6B /* NSDictionary_JSONExtensions.m */; };
		F181BC5B102CCB8E00E06C6B /* CJSONScanner.m in Sources */ = {isa = PBXBuildFile; fileRef = F181BC3F102CCB8E00E06C6B /* CJSONScanner.m */; };
		F181BC5C102CCB8E00E06C6B /* CJSONSerializer.m in Sources */ = {isa = PBXBuildFile; fileRef = F181BC41102CCB8E00E06C6B /* CJSONSerializer.m */; };
		F181BC5D102CCB8E00E06C6B /* CJSONDeserializer.m in Sources */ = {isa = PBXBuildFile; fileRef = F181BC43102CCB8E00E06C6B /* CJSONDeserializer.m */; };
		F181BC5E102CCB8E00E06C6B /* CDataScanner.m in Sources */ = {isa = PBXBuildFile; fileRef = F181BC45102CCB8E00E06C6B /* CDataScanner.m */; };
		F181BC5F102CCB8E00E06C6B /* ASIHTTPRequest+JSON.m in Sources */ = {isa = PBXBuildFile; fileRef = F181BC48102CCB8E00E06C6B /* ASIHTTPRequest+JSON.m */; };
		F181BC60102CCB8E00E06C6B /* ASIS3Request.m in Sources */ = {isa = PBXBuildFile; fileRef = F181BC4B102CCB8E00E06C6B /* ASIS3Request.m */; };
		F181BC61102CCB8E00E06C6B /* ASIS3ListRequest.m in Sources */ = {isa = PBXBuildFile; fileRef = F181BC4D102CCB8E00E06C6B /* ASIS3ListRequest.m */; };
		F181BC62102CCB8E00E06C6B /* ASIS3BucketObject.m in Sources */ = {isa = PBXBuildFile; fileRef = F181BC4E102CCB8E00E06C6B /* ASIS3BucketObject.m */; };
		F181BC63102CCB8E00E06C6B /* ASIFormDataRequest.m in Sources */ = {isa = PBXBuildFile; fileRef = F181BC51102CCB8E00E06C6B /* ASIFormDataRequest.m */; };
		F181BC64102CCB8E00E06C6B /* ASIHTTPRequest.m in Sources */ = {isa = PBXBuildFile; fileRef = F181BC53102CCB8E00E06C6B /* ASIHTTPRequest.m */; };
		F181BC65102CCB8E00E06C6B /* ASINetworkQueue.m in Sources */ = {isa = PBXBuildFile; fileRef = F181BC55102CCB8E00E06C6B /* ASINetworkQueue.m */; };
		F181BC66102CCB8E00E06C6B /* ASINSStringAdditions.m in Sources */ = {isa = PBXBuildFile; fileRef = F181BC57102CCB8E00E06C6B /* ASINSStringAdditions.m */; };
		F181BC6A102CCBC900E06C6B /* CFNetwork.framework in Frameworks */ = {isa = PBXBuildFile; fileRef = F181BC69102CCBC900E06C6B /* CFNetwork.framework */; };
		F181BC6C102CCBD000E06C6B /* libz.1.2.3.dylib in Frameworks */ = {isa = PBXBuildFile; fileRef = F181BC6B102CCBD000E06C6B /* libz.1.2.3.dylib */; };
		F181BFE7102F41AF00E06C6B /* CompanyCell.xib in Resources */ = {isa = PBXBuildFile; fileRef = F181BFE6102F41AF00E06C6B /* CompanyCell.xib */; };
		F181BFEC102F42EC00E06C6B /* CompanyCell.m in Sources */ = {isa = PBXBuildFile; fileRef = F181BFEB102F42EC00E06C6B /* CompanyCell.m */; };
		F181C120102F837300E06C6B /* Constants.m in Sources */ = {isa = PBXBuildFile; fileRef = F181C11F102F837300E06C6B /* Constants.m */; };
		F1A5230A102F8BB200F72FE1 /* UIWebImageView.m in Sources */ = {isa = PBXBuildFile; fileRef = F1A52309102F8BB200F72FE1 /* UIWebImageView.m */; };
		F1A523B5102FB69500F72FE1 /* TwoLabelTableCell.xib in Resources */ = {isa = PBXBuildFile; fileRef = F1A523B4102FB69500F72FE1 /* TwoLabelTableCell.xib */; };
		F1A523B7102FB6B800F72FE1 /* LabelAndLinkTableCell.xib in Resources */ = {isa = PBXBuildFile; fileRef = F1A523B6102FB6B800F72FE1 /* LabelAndLinkTableCell.xib */; };
		F1A523BE102FB84300F72FE1 /* TwoLabelTableCell.m in Sources */ = {isa = PBXBuildFile; fileRef = F1A523BD102FB84300F72FE1 /* TwoLabelTableCell.m */; };
		F1D5C96C102B0C740061B50B /* profile_small.png in Resources */ = {isa = PBXBuildFile; fileRef = F1D5C96B102B0C740061B50B /* profile_small.png */; };
		F1D5CA2B102B2A260061B50B /* icon.png in Resources */ = {isa = PBXBuildFile; fileRef = F1D5CA2A102B2A260061B50B /* icon.png */; };
		F1DEDFF70F88561400F567F2 /* TopCompaniesViewController.m in Sources */ = {isa = PBXBuildFile; fileRef = F1DEDFF60F88561400F567F2 /* TopCompaniesViewController.m */; };
		F1DEDFFA0F88562E00F567F2 /* FavoritesViewController.m in Sources */ = {isa = PBXBuildFile; fileRef = F1DEDFF90F88562E00F567F2 /* FavoritesViewController.m */; };
		F1DEE00B0F8856D300F567F2 /* Coder.m in Sources */ = {isa = PBXBuildFile; fileRef = F1DEE00A0F8856D300F567F2 /* Coder.m */; };
		F1DEE0B40F88626E00F567F2 /* Company.m in Sources */ = {isa = PBXBuildFile; fileRef = F1DEE0B30F88626E00F567F2 /* Company.m */; };
		F1EDF4491029C3A100A6C475 /* CoderResultsViewController.m in Sources */ = {isa = PBXBuildFile; fileRef = F1EDF4471029C3A100A6C475 /* CoderResultsViewController.m */; };
		F1EDF44A1029C3A100A6C475 /* CoderResultsViewController.xib in Resources */ = {isa = PBXBuildFile; fileRef = F1EDF4481029C3A100A6C475 /* CoderResultsViewController.xib */; };
		F1EDF44E1029C3AE00A6C475 /* CoderDetailViewController.m in Sources */ = {isa = PBXBuildFile; fileRef = F1EDF44C1029C3AE00A6C475 /* CoderDetailViewController.m */; };
		F1EDF44F1029C3AE00A6C475 /* CoderDetailViewController.xib in Resources */ = {isa = PBXBuildFile; fileRef = F1EDF44D1029C3AE00A6C475 /* CoderDetailViewController.xib */; };
		F1EDF4531029C3CC00A6C475 /* CompanyResultsViewController.m in Sources */ = {isa = PBXBuildFile; fileRef = F1EDF4511029C3CC00A6C475 /* CompanyResultsViewController.m */; };
		F1EDF4541029C3CC00A6C475 /* CompanyResultsViewController.xib in Resources */ = {isa = PBXBuildFile; fileRef = F1EDF4521029C3CC00A6C475 /* CompanyResultsViewController.xib */; };
		F1EDF4581029C3DD00A6C475 /* CompanyDetailViewController.m in Sources */ = {isa = PBXBuildFile; fileRef = F1EDF4561029C3DD00A6C475 /* CompanyDetailViewController.m */; };
		F1EDF4591029C3DD00A6C475 /* CompanyDetailViewController.xib in Resources */ = {isa = PBXBuildFile; fileRef = F1EDF4571029C3DD00A6C475 /* CompanyDetailViewController.xib */; };
		F1EDF45B1029C46300A6C475 /* SplashView.xib in Resources */ = {isa = PBXBuildFile; fileRef = F1EDF45A1029C46300A6C475 /* SplashView.xib */; };
		F1EDF45E1029C60500A6C475 /* profile.png in Resources */ = {isa = PBXBuildFile; fileRef = F1EDF45D1029C60500A6C475 /* profile.png */; };
		F1EDF4631029C6A500A6C475 /* Default.png in Resources */ = {isa = PBXBuildFile; fileRef = F1EDF4621029C6A500A6C475 /* Default.png */; };
		F1EDF4E41029E37E00A6C475 /* UITableViewCell+CustomNib.m in Sources */ = {isa = PBXBuildFile; fileRef = F1EDF4E31029E37E00A6C475 /* UITableViewCell+CustomNib.m */; };
		F1EDF6751029F9F300A6C475 /* UIImage+Resizing.m in Sources */ = {isa = PBXBuildFile; fileRef = F1EDF6731029F9F300A6C475 /* UIImage+Resizing.m */; };
		F1F3A0B10F92C9DA00B1FC8A /* CoderCell.m in Sources */ = {isa = PBXBuildFile; fileRef = F1F3A0B00F92C9DA00B1FC8A /* CoderCell.m */; };
		F1F3A0B50F92CF6100B1FC8A /* CoderCell.xib in Resources */ = {isa = PBXBuildFile; fileRef = F1F3A0B40F92CF6100B1FC8A /* CoderCell.xib */; };
/* End PBXBuildFile section */

/* Begin PBXFileReference section */
		0663299E1030782900D3D668 /* rr_icon.png */ = {isa = PBXFileReference; lastKnownFileType = image.png; path = rr_icon.png; sourceTree = "<group>"; };
		06DBBE3810307F1E00392BB9 /* icon_suitcase.png */ = {isa = PBXFileReference; lastKnownFileType = image.png; name = icon_suitcase.png; path = "../../Downloads/iphone-toolbar-icons/icons/icon_suitcase.png"; sourceTree = SOURCE_ROOT; };
		06DBBE3B10307FB500392BB9 /* icon_heart.png */ = {isa = PBXFileReference; lastKnownFileType = image.png; name = icon_heart.png; path = "../../Downloads/iphone-toolbar-icons/icons/icon_heart.png"; sourceTree = SOURCE_ROOT; };
		1D30AB110D05D00D00671497 /* Foundation.framework */ = {isa = PBXFileReference; lastKnownFileType = wrapper.framework; name = Foundation.framework; path = System/Library/Frameworks/Foundation.framework; sourceTree = SDKROOT; };
		1D3623240D0F684500981E51 /* Rails_RankrAppDelegate.h */ = {isa = PBXFileReference; fileEncoding = 4; lastKnownFileType = sourcecode.c.h; path = Rails_RankrAppDelegate.h; sourceTree = "<group>"; };
		1D3623250D0F684500981E51 /* Rails_RankrAppDelegate.m */ = {isa = PBXFileReference; fileEncoding = 4; lastKnownFileType = sourcecode.c.objc; path = Rails_RankrAppDelegate.m; sourceTree = "<group>"; };
		1D6058910D05DD3D006BFB54 /* Rails Rankr.app */ = {isa = PBXFileReference; explicitFileType = wrapper.application; includeInIndex = 0; path = "Rails Rankr.app"; sourceTree = BUILT_PRODUCTS_DIR; };
		1DF5F4DF0D08C38300B7A737 /* UIKit.framework */ = {isa = PBXFileReference; lastKnownFileType = wrapper.framework; name = UIKit.framework; path = System/Library/Frameworks/UIKit.framework; sourceTree = SDKROOT; };
		288765070DF74369002DB57D /* CoreGraphics.framework */ = {isa = PBXFileReference; lastKnownFileType = wrapper.framework; name = CoreGraphics.framework; path = System/Library/Frameworks/CoreGraphics.framework; sourceTree = SDKROOT; };
		28A0AB4B0D9B1048005BE974 /* Rails_Rankr_Prefix.pch */ = {isa = PBXFileReference; fileEncoding = 4; lastKnownFileType = sourcecode.c.h; path = Rails_Rankr_Prefix.pch; sourceTree = "<group>"; };
		28AD73870D9D96C1002E5188 /* MainWindow.xib */ = {isa = PBXFileReference; lastKnownFileType = file.xib; path = MainWindow.xib; sourceTree = "<group>"; };
		29B97316FDCFA39411CA2CEA /* main.m */ = {isa = PBXFileReference; fileEncoding = 4; lastKnownFileType = sourcecode.c.objc; path = main.m; sourceTree = "<group>"; };
		8D1107310486CEB800E47090 /* Rails_Rankr-Info.plist */ = {isa = PBXFileReference; fileEncoding = 4; lastKnownFileType = text.plist.xml; path = "Rails_Rankr-Info.plist"; plistStructureDefinitionIdentifier = "com.apple.xcode.plist.structure-definition.iphone.info-plist"; sourceTree = "<group>"; };
		F181B198102B42D700E06C6B /* CoreData.framework */ = {isa = PBXFileReference; lastKnownFileType = wrapper.framework; name = CoreData.framework; path = System/Library/Frameworks/CoreData.framework; sourceTree = SDKROOT; };
		F181B242102B5BB100E06C6B /* BaseResultsViewController.h */ = {isa = PBXFileReference; fileEncoding = 4; lastKnownFileType = sourcecode.c.h; path = BaseResultsViewController.h; sourceTree = "<group>"; };
		F181B243102B5BB100E06C6B /* BaseResultsViewController.m */ = {isa = PBXFileReference; fileEncoding = 4; lastKnownFileType = sourcecode.c.objc; path = BaseResultsViewController.m; sourceTree = "<group>"; };
		F181B249102B5EF200E06C6B /* background_profile.png */ = {isa = PBXFileReference; lastKnownFileType = image.png; path = background_profile.png; sourceTree = "<group>"; };
		F181B24C102B664D00E06C6B /* bg_searchcell.png */ = {isa = PBXFileReference; lastKnownFileType = image.png; path = bg_searchcell.png; sourceTree = "<group>"; };
		F181B24D102B664D00E06C6B /* btn_github.png */ = {isa = PBXFileReference; lastKnownFileType = image.png; path = btn_github.png; sourceTree = "<group>"; };
		F181B24E102B664D00E06C6B /* btn_recommend.png */ = {isa = PBXFileReference; lastKnownFileType = image.png; path = btn_recommend.png; sourceTree = "<group>"; };
		F181B24F102B664D00E06C6B /* btn_wwr.png */ = {isa = PBXFileReference; lastKnownFileType = image.png; path = btn_wwr.png; sourceTree = "<group>"; };
		F181B37F102B769B00E06C6B /* TestCellView.xib */ = {isa = PBXFileReference; lastKnownFileType = file.xib; path = TestCellView.xib; sourceTree = "<group>"; };
		F181B4B4102B8A5900E06C6B /* Test-Info.plist */ = {isa = PBXFileReference; lastKnownFileType = text.plist.xml; path = "Test-Info.plist"; sourceTree = "<group>"; };
		F181BC37102CCB8E00E06C6B /* NSCharacterSet_Extensions.h */ = {isa = PBXFileReference; fileEncoding = 4; lastKnownFileType = sourcecode.c.h; path = NSCharacterSet_Extensions.h; sourceTree = "<group>"; };
		F181BC38102CCB8E00E06C6B /* NSCharacterSet_Extensions.m */ = {isa = PBXFileReference; fileEncoding = 4; lastKnownFileType = sourcecode.c.objc; path = NSCharacterSet_Extensions.m; sourceTree = "<group>"; };
		F181BC39102CCB8E00E06C6B /* CDataScanner_Extensions.h */ = {isa = PBXFileReference; fileEncoding = 4; lastKnownFileType = sourcecode.c.h; path = CDataScanner_Extensions.h; sourceTree = "<group>"; };
		F181BC3A102CCB8E00E06C6B /* CDataScanner_Extensions.m */ = {isa = PBXFileReference; fileEncoding = 4; lastKnownFileType = sourcecode.c.objc; path = CDataScanner_Extensions.m; sourceTree = "<group>"; };
		F181BC3B102CCB8E00E06C6B /* NSDictionary_JSONExtensions.h */ = {isa = PBXFileReference; fileEncoding = 4; lastKnownFileType = sourcecode.c.h; path = NSDictionary_JSONExtensions.h; sourceTree = "<group>"; };
		F181BC3C102CCB8E00E06C6B /* NSDictionary_JSONExtensions.m */ = {isa = PBXFileReference; fileEncoding = 4; lastKnownFileType = sourcecode.c.objc; path = NSDictionary_JSONExtensions.m; sourceTree = "<group>"; };
		F181BC3E102CCB8E00E06C6B /* CJSONScanner.h */ = {isa = PBXFileReference; fileEncoding = 4; lastKnownFileType = sourcecode.c.h; path = CJSONScanner.h; sourceTree = "<group>"; };
		F181BC3F102CCB8E00E06C6B /* CJSONScanner.m */ = {isa = PBXFileReference; fileEncoding = 4; lastKnownFileType = sourcecode.c.objc; path = CJSONScanner.m; sourceTree = "<group>"; };
		F181BC40102CCB8E00E06C6B /* CJSONSerializer.h */ = {isa = PBXFileReference; fileEncoding = 4; lastKnownFileType = sourcecode.c.h; path = CJSONSerializer.h; sourceTree = "<group>"; };
		F181BC41102CCB8E00E06C6B /* CJSONSerializer.m */ = {isa = PBXFileReference; fileEncoding = 4; lastKnownFileType = sourcecode.c.objc; path = CJSONSerializer.m; sourceTree = "<group>"; };
		F181BC42102CCB8E00E06C6B /* CJSONDeserializer.h */ = {isa = PBXFileReference; fileEncoding = 4; lastKnownFileType = sourcecode.c.h; path = CJSONDeserializer.h; sourceTree = "<group>"; };
		F181BC43102CCB8E00E06C6B /* CJSONDeserializer.m */ = {isa = PBXFileReference; fileEncoding = 4; lastKnownFileType = sourcecode.c.objc; path = CJSONDeserializer.m; sourceTree = "<group>"; };
		F181BC44102CCB8E00E06C6B /* CDataScanner.h */ = {isa = PBXFileReference; fileEncoding = 4; lastKnownFileType = sourcecode.c.h; path = CDataScanner.h; sourceTree = "<group>"; };
		F181BC45102CCB8E00E06C6B /* CDataScanner.m */ = {isa = PBXFileReference; fileEncoding = 4; lastKnownFileType = sourcecode.c.objc; path = CDataScanner.m; sourceTree = "<group>"; };
		F181BC47102CCB8E00E06C6B /* ASIHTTPRequest+JSON.h */ = {isa = PBXFileReference; fileEncoding = 4; lastKnownFileType = sourcecode.c.h; path = "ASIHTTPRequest+JSON.h"; sourceTree = "<group>"; };
		F181BC48102CCB8E00E06C6B /* ASIHTTPRequest+JSON.m */ = {isa = PBXFileReference; fileEncoding = 4; lastKnownFileType = sourcecode.c.objc; path = "ASIHTTPRequest+JSON.m"; sourceTree = "<group>"; };
		F181BC4A102CCB8E00E06C6B /* ASIS3Request.h */ = {isa = PBXFileReference; fileEncoding = 4; lastKnownFileType = sourcecode.c.h; path = ASIS3Request.h; sourceTree = "<group>"; };
		F181BC4B102CCB8E00E06C6B /* ASIS3Request.m */ = {isa = PBXFileReference; fileEncoding = 4; lastKnownFileType = sourcecode.c.objc; path = ASIS3Request.m; sourceTree = "<group>"; };
		F181BC4C102CCB8E00E06C6B /* ASIS3ListRequest.h */ = {isa = PBXFileReference; fileEncoding = 4; lastKnownFileType = sourcecode.c.h; path = ASIS3ListRequest.h; sourceTree = "<group>"; };
		F181BC4D102CCB8E00E06C6B /* ASIS3ListRequest.m */ = {isa = PBXFileReference; fileEncoding = 4; lastKnownFileType = sourcecode.c.objc; path = ASIS3ListRequest.m; sourceTree = "<group>"; };
		F181BC4E102CCB8E00E06C6B /* ASIS3BucketObject.m */ = {isa = PBXFileReference; fileEncoding = 4; lastKnownFileType = sourcecode.c.objc; path = ASIS3BucketObject.m; sourceTree = "<group>"; };
		F181BC4F102CCB8E00E06C6B /* ASIS3BucketObject.h */ = {isa = PBXFileReference; fileEncoding = 4; lastKnownFileType = sourcecode.c.h; path = ASIS3BucketObject.h; sourceTree = "<group>"; };
		F181BC50102CCB8E00E06C6B /* ASIFormDataRequest.h */ = {isa = PBXFileReference; fileEncoding = 4; lastKnownFileType = sourcecode.c.h; path = ASIFormDataRequest.h; sourceTree = "<group>"; };
		F181BC51102CCB8E00E06C6B /* ASIFormDataRequest.m */ = {isa = PBXFileReference; fileEncoding = 4; lastKnownFileType = sourcecode.c.objc; path = ASIFormDataRequest.m; sourceTree = "<group>"; };
		F181BC52102CCB8E00E06C6B /* ASIHTTPRequest.h */ = {isa = PBXFileReference; fileEncoding = 4; lastKnownFileType = sourcecode.c.h; path = ASIHTTPRequest.h; sourceTree = "<group>"; };
		F181BC53102CCB8E00E06C6B /* ASIHTTPRequest.m */ = {isa = PBXFileReference; fileEncoding = 4; lastKnownFileType = sourcecode.c.objc; path = ASIHTTPRequest.m; sourceTree = "<group>"; };
		F181BC54102CCB8E00E06C6B /* ASINetworkQueue.h */ = {isa = PBXFileReference; fileEncoding = 4; lastKnownFileType = sourcecode.c.h; path = ASINetworkQueue.h; sourceTree = "<group>"; };
		F181BC55102CCB8E00E06C6B /* ASINetworkQueue.m */ = {isa = PBXFileReference; fileEncoding = 4; lastKnownFileType = sourcecode.c.objc; path = ASINetworkQueue.m; sourceTree = "<group>"; };
		F181BC56102CCB8E00E06C6B /* ASINSStringAdditions.h */ = {isa = PBXFileReference; fileEncoding = 4; lastKnownFileType = sourcecode.c.h; path = ASINSStringAdditions.h; sourceTree = "<group>"; };
		F181BC57102CCB8E00E06C6B /* ASINSStringAdditions.m */ = {isa = PBXFileReference; fileEncoding = 4; lastKnownFileType = sourcecode.c.objc; path = ASINSStringAdditions.m; sourceTree = "<group>"; };
		F181BC69102CCBC900E06C6B /* CFNetwork.framework */ = {isa = PBXFileReference; lastKnownFileType = wrapper.framework; name = CFNetwork.framework; path = System/Library/Frameworks/CFNetwork.framework; sourceTree = SDKROOT; };
		F181BC6B102CCBD000E06C6B /* libz.1.2.3.dylib */ = {isa = PBXFileReference; lastKnownFileType = "compiled.mach-o.dylib"; name = libz.1.2.3.dylib; path = usr/lib/libz.1.2.3.dylib; sourceTree = SDKROOT; };
		F181BFE6102F41AF00E06C6B /* CompanyCell.xib */ = {isa = PBXFileReference; lastKnownFileType = file.xib; path = CompanyCell.xib; sourceTree = "<group>"; };
		F181BFEA102F42EC00E06C6B /* CompanyCell.h */ = {isa = PBXFileReference; fileEncoding = 4; lastKnownFileType = sourcecode.c.h; path = CompanyCell.h; sourceTree = "<group>"; };
		F181BFEB102F42EC00E06C6B /* CompanyCell.m */ = {isa = PBXFileReference; fileEncoding = 4; lastKnownFileType = sourcecode.c.objc; path = CompanyCell.m; sourceTree = "<group>"; };
		F181C11E102F837300E06C6B /* Constants.h */ = {isa = PBXFileReference; fileEncoding = 4; lastKnownFileType = sourcecode.c.h; path = Constants.h; sourceTree = "<group>"; };
		F181C11F102F837300E06C6B /* Constants.m */ = {isa = PBXFileReference; fileEncoding = 4; lastKnownFileType = sourcecode.c.objc; path = Constants.m; sourceTree = "<group>"; };
		F1A52308102F8BB200F72FE1 /* UIWebImageView.h */ = {isa = PBXFileReference; fileEncoding = 4; lastKnownFileType = sourcecode.c.h; path = UIWebImageView.h; sourceTree = "<group>"; };
		F1A52309102F8BB200F72FE1 /* UIWebImageView.m */ = {isa = PBXFileReference; fileEncoding = 4; lastKnownFileType = sourcecode.c.objc; path = UIWebImageView.m; sourceTree = "<group>"; };
		F1A523B4102FB69500F72FE1 /* TwoLabelTableCell.xib */ = {isa = PBXFileReference; lastKnownFileType = file.xib; path = TwoLabelTableCell.xib; sourceTree = "<group>"; };
		F1A523B6102FB6B800F72FE1 /* LabelAndLinkTableCell.xib */ = {isa = PBXFileReference; lastKnownFileType = file.xib; path = LabelAndLinkTableCell.xib; sourceTree = "<group>"; };
		F1A523BC102FB84300F72FE1 /* TwoLabelTableCell.h */ = {isa = PBXFileReference; fileEncoding = 4; lastKnownFileType = sourcecode.c.h; path = TwoLabelTableCell.h; sourceTree = "<group>"; };
		F1A523BD102FB84300F72FE1 /* TwoLabelTableCell.m */ = {isa = PBXFileReference; fileEncoding = 4; lastKnownFileType = sourcecode.c.objc; path = TwoLabelTableCell.m; sourceTree = "<group>"; };
		F1D5C96B102B0C740061B50B /* profile_small.png */ = {isa = PBXFileReference; lastKnownFileType = image.png; path = profile_small.png; sourceTree = "<group>"; };
		F1D5CA2A102B2A260061B50B /* icon.png */ = {isa = PBXFileReference; lastKnownFileType = image.png; path = icon.png; sourceTree = "<group>"; };
		F1DEDFF50F88561400F567F2 /* TopCompaniesViewController.h */ = {isa = PBXFileReference; fileEncoding = 4; lastKnownFileType = sourcecode.c.h; name = TopCompaniesViewController.h; path = Classes/TopCompaniesViewController.h; sourceTree = "<group>"; };
		F1DEDFF60F88561400F567F2 /* TopCompaniesViewController.m */ = {isa = PBXFileReference; fileEncoding = 4; lastKnownFileType = sourcecode.c.objc; name = TopCompaniesViewController.m; path = Classes/TopCompaniesViewController.m; sourceTree = "<group>"; };
		F1DEDFF80F88562E00F567F2 /* FavoritesViewController.h */ = {isa = PBXFileReference; fileEncoding = 4; lastKnownFileType = sourcecode.c.h; name = FavoritesViewController.h; path = Classes/FavoritesViewController.h; sourceTree = "<group>"; };
		F1DEDFF90F88562E00F567F2 /* FavoritesViewController.m */ = {isa = PBXFileReference; fileEncoding = 4; lastKnownFileType = sourcecode.c.objc; name = FavoritesViewController.m; path = Classes/FavoritesViewController.m; sourceTree = "<group>"; };
		F1DEE0090F8856D300F567F2 /* Coder.h */ = {isa = PBXFileReference; fileEncoding = 4; lastKnownFileType = sourcecode.c.h; name = Coder.h; path = Classes/Coder.h; sourceTree = "<group>"; };
		F1DEE00A0F8856D300F567F2 /* Coder.m */ = {isa = PBXFileReference; fileEncoding = 4; lastKnownFileType = sourcecode.c.objc; name = Coder.m; path = Classes/Coder.m; sourceTree = "<group>"; };
		F1DEE0B20F88626E00F567F2 /* Company.h */ = {isa = PBXFileReference; fileEncoding = 4; lastKnownFileType = sourcecode.c.h; name = Company.h; path = Classes/Company.h; sourceTree = "<group>"; };
		F1DEE0B30F88626E00F567F2 /* Company.m */ = {isa = PBXFileReference; fileEncoding = 4; lastKnownFileType = sourcecode.c.objc; name = Company.m; path = Classes/Company.m; sourceTree = "<group>"; };
		F1EDF4461029C3A100A6C475 /* CoderResultsViewController.h */ = {isa = PBXFileReference; fileEncoding = 4; lastKnownFileType = sourcecode.c.h; path = CoderResultsViewController.h; sourceTree = "<group>"; };
		F1EDF4471029C3A100A6C475 /* CoderResultsViewController.m */ = {isa = PBXFileReference; fileEncoding = 4; lastKnownFileType = sourcecode.c.objc; path = CoderResultsViewController.m; sourceTree = "<group>"; };
		F1EDF4481029C3A100A6C475 /* CoderResultsViewController.xib */ = {isa = PBXFileReference; lastKnownFileType = file.xib; path = CoderResultsViewController.xib; sourceTree = "<group>"; };
		F1EDF44B1029C3AE00A6C475 /* CoderDetailViewController.h */ = {isa = PBXFileReference; fileEncoding = 4; lastKnownFileType = sourcecode.c.h; path = CoderDetailViewController.h; sourceTree = "<group>"; };
		F1EDF44C1029C3AE00A6C475 /* CoderDetailViewController.m */ = {isa = PBXFileReference; fileEncoding = 4; lastKnownFileType = sourcecode.c.objc; path = CoderDetailViewController.m; sourceTree = "<group>"; };
		F1EDF44D1029C3AE00A6C475 /* CoderDetailViewController.xib */ = {isa = PBXFileReference; lastKnownFileType = file.xib; path = CoderDetailViewController.xib; sourceTree = "<group>"; };
		F1EDF4501029C3CC00A6C475 /* CompanyResultsViewController.h */ = {isa = PBXFileReference; fileEncoding = 4; lastKnownFileType = sourcecode.c.h; path = CompanyResultsViewController.h; sourceTree = "<group>"; };
		F1EDF4511029C3CC00A6C475 /* CompanyResultsViewController.m */ = {isa = PBXFileReference; fileEncoding = 4; lastKnownFileType = sourcecode.c.objc; path = CompanyResultsViewController.m; sourceTree = "<group>"; };
		F1EDF4521029C3CC00A6C475 /* CompanyResultsViewController.xib */ = {isa = PBXFileReference; lastKnownFileType = file.xib; path = CompanyResultsViewController.xib; sourceTree = "<group>"; };
		F1EDF4551029C3DD00A6C475 /* CompanyDetailViewController.h */ = {isa = PBXFileReference; fileEncoding = 4; lastKnownFileType = sourcecode.c.h; path = CompanyDetailViewController.h; sourceTree = "<group>"; };
		F1EDF4561029C3DD00A6C475 /* CompanyDetailViewController.m */ = {isa = PBXFileReference; fileEncoding = 4; lastKnownFileType = sourcecode.c.objc; path = CompanyDetailViewController.m; sourceTree = "<group>"; };
		F1EDF4571029C3DD00A6C475 /* CompanyDetailViewController.xib */ = {isa = PBXFileReference; lastKnownFileType = file.xib; path = CompanyDetailViewController.xib; sourceTree = "<group>"; };
		F1EDF45A1029C46300A6C475 /* SplashView.xib */ = {isa = PBXFileReference; lastKnownFileType = file.xib; path = SplashView.xib; sourceTree = "<group>"; };
		F1EDF45D1029C60500A6C475 /* profile.png */ = {isa = PBXFileReference; lastKnownFileType = image.png; path = profile.png; sourceTree = "<group>"; };
		F1EDF4621029C6A500A6C475 /* Default.png */ = {isa = PBXFileReference; lastKnownFileType = image.png; path = Default.png; sourceTree = "<group>"; };
		F1EDF4DD1029E1EB00A6C475 /* UITableViewCell+CustomNib.h */ = {isa = PBXFileReference; fileEncoding = 4; lastKnownFileType = sourcecode.c.h; path = "UITableViewCell+CustomNib.h"; sourceTree = "<group>"; };
		F1EDF4E31029E37E00A6C475 /* UITableViewCell+CustomNib.m */ = {isa = PBXFileReference; fileEncoding = 4; lastKnownFileType = sourcecode.c.objc; path = "UITableViewCell+CustomNib.m"; sourceTree = "<group>"; };
		F1EDF6731029F9F300A6C475 /* UIImage+Resizing.m */ = {isa = PBXFileReference; fileEncoding = 4; lastKnownFileType = sourcecode.c.objc; path = "UIImage+Resizing.m"; sourceTree = "<group>"; };
		F1EDF6741029F9F300A6C475 /* UIImage+Resizing.h */ = {isa = PBXFileReference; fileEncoding = 4; lastKnownFileType = sourcecode.c.h; path = "UIImage+Resizing.h"; sourceTree = "<group>"; };
		F1F3A0AF0F92C9DA00B1FC8A /* CoderCell.h */ = {isa = PBXFileReference; fileEncoding = 4; lastKnownFileType = sourcecode.c.h; path = CoderCell.h; sourceTree = "<group>"; };
		F1F3A0B00F92C9DA00B1FC8A /* CoderCell.m */ = {isa = PBXFileReference; fileEncoding = 4; lastKnownFileType = sourcecode.c.objc; path = CoderCell.m; sourceTree = "<group>"; };
		F1F3A0B40F92CF6100B1FC8A /* CoderCell.xib */ = {isa = PBXFileReference; lastKnownFileType = file.xib; path = CoderCell.xib; sourceTree = "<group>"; };
/* End PBXFileReference section */

/* Begin PBXFrameworksBuildPhase section */
		1D60588F0D05DD3D006BFB54 /* Frameworks */ = {
			isa = PBXFrameworksBuildPhase;
			buildActionMask = 2147483647;
			files = (
				1D60589F0D05DD5A006BFB54 /* Foundation.framework in Frameworks */,
				1DF5F4E00D08C38300B7A737 /* UIKit.framework in Frameworks */,
				288765080DF74369002DB57D /* CoreGraphics.framework in Frameworks */,
				F181B199102B42D700E06C6B /* CoreData.framework in Frameworks */,
				F181BC6A102CCBC900E06C6B /* CFNetwork.framework in Frameworks */,
				F181BC6C102CCBD000E06C6B /* libz.1.2.3.dylib in Frameworks */,
			);
			runOnlyForDeploymentPostprocessing = 0;
		};
/* End PBXFrameworksBuildPhase section */

/* Begin PBXGroup section */
		080E96DDFE201D6D7F000001 /* Classes */ = {
			isa = PBXGroup;
			children = (
				F1A52308102F8BB200F72FE1 /* UIWebImageView.h */,
				F1A52309102F8BB200F72FE1 /* UIWebImageView.m */,
				F1EDF6731029F9F300A6C475 /* UIImage+Resizing.m */,
				F1EDF6741029F9F300A6C475 /* UIImage+Resizing.h */,
				1D3623240D0F684500981E51 /* Rails_RankrAppDelegate.h */,
				1D3623250D0F684500981E51 /* Rails_RankrAppDelegate.m */,
				F1F3A0AF0F92C9DA00B1FC8A /* CoderCell.h */,
				F1F3A0B00F92C9DA00B1FC8A /* CoderCell.m */,
				F1EDF4461029C3A100A6C475 /* CoderResultsViewController.h */,
				F1EDF4471029C3A100A6C475 /* CoderResultsViewController.m */,
				F1EDF4481029C3A100A6C475 /* CoderResultsViewController.xib */,
				F1EDF44B1029C3AE00A6C475 /* CoderDetailViewController.h */,
				F1EDF44C1029C3AE00A6C475 /* CoderDetailViewController.m */,
				F1EDF44D1029C3AE00A6C475 /* CoderDetailViewController.xib */,
				F1EDF4501029C3CC00A6C475 /* CompanyResultsViewController.h */,
				F1EDF4511029C3CC00A6C475 /* CompanyResultsViewController.m */,
				F1EDF4521029C3CC00A6C475 /* CompanyResultsViewController.xib */,
				F1EDF4551029C3DD00A6C475 /* CompanyDetailViewController.h */,
				F1EDF4561029C3DD00A6C475 /* CompanyDetailViewController.m */,
				F1EDF4571029C3DD00A6C475 /* CompanyDetailViewController.xib */,
				F1EDF4DD1029E1EB00A6C475 /* UITableViewCell+CustomNib.h */,
				F1EDF4E31029E37E00A6C475 /* UITableViewCell+CustomNib.m */,
				F181B242102B5BB100E06C6B /* BaseResultsViewController.h */,
				F181B243102B5BB100E06C6B /* BaseResultsViewController.m */,
				F181BFEA102F42EC00E06C6B /* CompanyCell.h */,
				F181BFEB102F42EC00E06C6B /* CompanyCell.m */,
				F181C11E102F837300E06C6B /* Constants.h */,
				F181C11F102F837300E06C6B /* Constants.m */,
				F1A523BC102FB84300F72FE1 /* TwoLabelTableCell.h */,
				F1A523BD102FB84300F72FE1 /* TwoLabelTableCell.m */,
			);
			path = Classes;
			sourceTree = "<group>";
		};
		19C28FACFE9D520D11CA2CBB /* Products */ = {
			isa = PBXGroup;
			children = (
				1D6058910D05DD3D006BFB54 /* Rails Rankr.app */,
			);
			name = Products;
			sourceTree = "<group>";
		};
		29B97314FDCFA39411CA2CEA /* Rails Rankr */ = {
			isa = PBXGroup;
			children = (
				F181BC46102CCB8E00E06C6B /* ASI Classes */,
				F181BC35102CCB8E00E06C6B /* touchJSON */,
				F181B197102B42B600E06C6B /* Models */,
				F181B196102B429400E06C6B /* Old Stuff */,
				080E96DDFE201D6D7F000001 /* Classes */,
				29B97315FDCFA39411CA2CEA /* Other Sources */,
				29B97317FDCFA39411CA2CEA /* Resources */,
				29B97323FDCFA39411CA2CEA /* Frameworks */,
				19C28FACFE9D520D11CA2CBB /* Products */,
				F181B4B4102B8A5900E06C6B /* Test-Info.plist */,
				F181BC69102CCBC900E06C6B /* CFNetwork.framework */,
				F181BC6B102CCBD000E06C6B /* libz.1.2.3.dylib */,
			);
			name = "Rails Rankr";
			sourceTree = "<group>";
		};
		29B97315FDCFA39411CA2CEA /* Other Sources */ = {
			isa = PBXGroup;
			children = (
				28A0AB4B0D9B1048005BE974 /* Rails_Rankr_Prefix.pch */,
				29B97316FDCFA39411CA2CEA /* main.m */,
			);
			name = "Other Sources";
			sourceTree = "<group>";
		};
		29B97317FDCFA39411CA2CEA /* Resources */ = {
			isa = PBXGroup;
			children = (
				06DBBE3B10307FB500392BB9 /* icon_heart.png */,
				06DBBE3810307F1E00392BB9 /* icon_suitcase.png */,
				0663299E1030782900D3D668 /* rr_icon.png */,
				F181B24C102B664D00E06C6B /* bg_searchcell.png */,
				F181B24D102B664D00E06C6B /* btn_github.png */,
				F181B24E102B664D00E06C6B /* btn_recommend.png */,
				F181B24F102B664D00E06C6B /* btn_wwr.png */,
				F181B249102B5EF200E06C6B /* background_profile.png */,
				F1D5CA2A102B2A260061B50B /* icon.png */,
				F1D5C96B102B0C740061B50B /* profile_small.png */,
				F1EDF4621029C6A500A6C475 /* Default.png */,
				F1EDF45D1029C60500A6C475 /* profile.png */,
				28AD73870D9D96C1002E5188 /* MainWindow.xib */,
				8D1107310486CEB800E47090 /* Rails_Rankr-Info.plist */,
				F1F3A0B40F92CF6100B1FC8A /* CoderCell.xib */,
				F1EDF45A1029C46300A6C475 /* SplashView.xib */,
				F181B37F102B769B00E06C6B /* TestCellView.xib */,
				F181BFE6102F41AF00E06C6B /* CompanyCell.xib */,
				F1A523B4102FB69500F72FE1 /* TwoLabelTableCell.xib */,
				F1A523B6102FB6B800F72FE1 /* LabelAndLinkTableCell.xib */,
			);
			name = Resources;
			sourceTree = "<group>";
		};
		29B97323FDCFA39411CA2CEA /* Frameworks */ = {
			isa = PBXGroup;
			children = (
				F181B198102B42D700E06C6B /* CoreData.framework */,
				1DF5F4DF0D08C38300B7A737 /* UIKit.framework */,
				1D30AB110D05D00D00671497 /* Foundation.framework */,
				288765070DF74369002DB57D /* CoreGraphics.framework */,
			);
			name = Frameworks;
			sourceTree = "<group>";
		};
		F181B196102B429400E06C6B /* Old Stuff */ = {
			isa = PBXGroup;
			children = (
				F1DEDFF50F88561400F567F2 /* TopCompaniesViewController.h */,
				F1DEDFF60F88561400F567F2 /* TopCompaniesViewController.m */,
				F1DEDFF80F88562E00F567F2 /* FavoritesViewController.h */,
				F1DEDFF90F88562E00F567F2 /* FavoritesViewController.m */,
			);
			name = "Old Stuff";
			sourceTree = "<group>";
		};
		F181B197102B42B600E06C6B /* Models */ = {
			isa = PBXGroup;
			children = (
				F1DEE0090F8856D300F567F2 /* Coder.h */,
				F1DEE00A0F8856D300F567F2 /* Coder.m */,
				F1DEE0B20F88626E00F567F2 /* Company.h */,
				F1DEE0B30F88626E00F567F2 /* Company.m */,
			);
			name = Models;
			sourceTree = "<group>";
		};
		F181BC35102CCB8E00E06C6B /* touchJSON */ = {
			isa = PBXGroup;
			children = (
				F181BC36102CCB8E00E06C6B /* Extensions */,
				F181BC3D102CCB8E00E06C6B /* JSON */,
				F181BC44102CCB8E00E06C6B /* CDataScanner.h */,
				F181BC45102CCB8E00E06C6B /* CDataScanner.m */,
			);
			name = touchJSON;
			path = Source;
			sourceTree = "<group>";
		};
		F181BC36102CCB8E00E06C6B /* Extensions */ = {
			isa = PBXGroup;
			children = (
				F181BC37102CCB8E00E06C6B /* NSCharacterSet_Extensions.h */,
				F181BC38102CCB8E00E06C6B /* NSCharacterSet_Extensions.m */,
				F181BC39102CCB8E00E06C6B /* CDataScanner_Extensions.h */,
				F181BC3A102CCB8E00E06C6B /* CDataScanner_Extensions.m */,
				F181BC3B102CCB8E00E06C6B /* NSDictionary_JSONExtensions.h */,
				F181BC3C102CCB8E00E06C6B /* NSDictionary_JSONExtensions.m */,
			);
			path = Extensions;
			sourceTree = "<group>";
		};
		F181BC3D102CCB8E00E06C6B /* JSON */ = {
			isa = PBXGroup;
			children = (
				F181BC3E102CCB8E00E06C6B /* CJSONScanner.h */,
				F181BC3F102CCB8E00E06C6B /* CJSONScanner.m */,
				F181BC40102CCB8E00E06C6B /* CJSONSerializer.h */,
				F181BC41102CCB8E00E06C6B /* CJSONSerializer.m */,
				F181BC42102CCB8E00E06C6B /* CJSONDeserializer.h */,
				F181BC43102CCB8E00E06C6B /* CJSONDeserializer.m */,
			);
			path = JSON;
			sourceTree = "<group>";
		};
		F181BC46102CCB8E00E06C6B /* ASI Classes */ = {
			isa = PBXGroup;
			children = (
				F181BC49102CCB8E00E06C6B /* S3 */,
				F181BC47102CCB8E00E06C6B /* ASIHTTPRequest+JSON.h */,
				F181BC50102CCB8E00E06C6B /* ASIFormDataRequest.h */,
				F181BC51102CCB8E00E06C6B /* ASIFormDataRequest.m */,
				F181BC52102CCB8E00E06C6B /* ASIHTTPRequest.h */,
				F181BC53102CCB8E00E06C6B /* ASIHTTPRequest.m */,
				F181BC54102CCB8E00E06C6B /* ASINetworkQueue.h */,
				F181BC55102CCB8E00E06C6B /* ASINetworkQueue.m */,
				F181BC56102CCB8E00E06C6B /* ASINSStringAdditions.h */,
				F181BC57102CCB8E00E06C6B /* ASINSStringAdditions.m */,
				F181BC48102CCB8E00E06C6B /* ASIHTTPRequest+JSON.m */,
			);
			name = "ASI Classes";
			sourceTree = "<group>";
		};
		F181BC49102CCB8E00E06C6B /* S3 */ = {
			isa = PBXGroup;
			children = (
				F181BC4A102CCB8E00E06C6B /* ASIS3Request.h */,
				F181BC4B102CCB8E00E06C6B /* ASIS3Request.m */,
				F181BC4C102CCB8E00E06C6B /* ASIS3ListRequest.h */,
				F181BC4D102CCB8E00E06C6B /* ASIS3ListRequest.m */,
				F181BC4E102CCB8E00E06C6B /* ASIS3BucketObject.m */,
				F181BC4F102CCB8E00E06C6B /* ASIS3BucketObject.h */,
			);
			name = S3;
			sourceTree = "<group>";
		};
/* End PBXGroup section */

/* Begin PBXNativeTarget section */
		1D6058900D05DD3D006BFB54 /* Rails Rankr */ = {
			isa = PBXNativeTarget;
			buildConfigurationList = 1D6058960D05DD3E006BFB54 /* Build configuration list for PBXNativeTarget "Rails Rankr" */;
			buildPhases = (
				1D60588D0D05DD3D006BFB54 /* Resources */,
				1D60588E0D05DD3D006BFB54 /* Sources */,
				1D60588F0D05DD3D006BFB54 /* Frameworks */,
			);
			buildRules = (
			);
			dependencies = (
			);
			name = "Rails Rankr";
			productName = "Rails Rankr";
			productReference = 1D6058910D05DD3D006BFB54 /* Rails Rankr.app */;
			productType = "com.apple.product-type.application";
		};
/* End PBXNativeTarget section */

/* Begin PBXProject section */
		29B97313FDCFA39411CA2CEA /* Project object */ = {
			isa = PBXProject;
			buildConfigurationList = C01FCF4E08A954540054247B /* Build configuration list for PBXProject "Rails Rankr" */;
			compatibilityVersion = "Xcode 3.1";
			hasScannedForEncodings = 1;
			mainGroup = 29B97314FDCFA39411CA2CEA /* Rails Rankr */;
			projectDirPath = "";
			projectRoot = "";
			targets = (
				1D6058900D05DD3D006BFB54 /* Rails Rankr */,
			);
		};
/* End PBXProject section */

/* Begin PBXResourcesBuildPhase section */
		1D60588D0D05DD3D006BFB54 /* Resources */ = {
			isa = PBXResourcesBuildPhase;
			buildActionMask = 2147483647;
			files = (
				28AD73880D9D96C1002E5188 /* MainWindow.xib in Resources */,
				F1F3A0B50F92CF6100B1FC8A /* CoderCell.xib in Resources */,
				F1EDF44A1029C3A100A6C475 /* CoderResultsViewController.xib in Resources */,
				F1EDF44F1029C3AE00A6C475 /* CoderDetailViewController.xib in Resources */,
				F1EDF4541029C3CC00A6C475 /* CompanyResultsViewController.xib in Resources */,
				F1EDF4591029C3DD00A6C475 /* CompanyDetailViewController.xib in Resources */,
				F1EDF45B1029C46300A6C475 /* SplashView.xib in Resources */,
				F1EDF45E1029C60500A6C475 /* profile.png in Resources */,
				F1EDF4631029C6A500A6C475 /* Default.png in Resources */,
				F1D5C96C102B0C740061B50B /* profile_small.png in Resources */,
				F1D5CA2B102B2A260061B50B /* icon.png in Resources */,
				F181B24A102B5EF200E06C6B /* background_profile.png in Resources */,
				F181B250102B664D00E06C6B /* bg_searchcell.png in Resources */,
				F181B251102B664D00E06C6B /* btn_github.png in Resources */,
				F181B252102B664D00E06C6B /* btn_recommend.png in Resources */,
				F181B253102B664D00E06C6B /* btn_wwr.png in Resources */,
				F181B380102B769B00E06C6B /* TestCellView.xib in Resources */,
				F181BFE7102F41AF00E06C6B /* CompanyCell.xib in Resources */,
				F1A523B5102FB69500F72FE1 /* TwoLabelTableCell.xib in Resources */,
				F1A523B7102FB6B800F72FE1 /* LabelAndLinkTableCell.xib in Resources */,
				0663299F1030782900D3D668 /* rr_icon.png in Resources */,
				06DBBE3910307F1E00392BB9 /* icon_suitcase.png in Resources */,
				06DBBE3C10307FB500392BB9 /* icon_heart.png in Resources */,
			);
			runOnlyForDeploymentPostprocessing = 0;
		};
/* End PBXResourcesBuildPhase section */

/* Begin PBXSourcesBuildPhase section */
		1D60588E0D05DD3D006BFB54 /* Sources */ = {
			isa = PBXSourcesBuildPhase;
			buildActionMask = 2147483647;
			files = (
				1D60589B0D05DD56006BFB54 /* main.m in Sources */,
				1D3623260D0F684500981E51 /* Rails_RankrAppDelegate.m in Sources */,
				F1DEDFF70F88561400F567F2 /* TopCompaniesViewController.m in Sources */,
				F1DEDFFA0F88562E00F567F2 /* FavoritesViewController.m in Sources */,
				F1DEE00B0F8856D300F567F2 /* Coder.m in Sources */,
				F1DEE0B40F88626E00F567F2 /* Company.m in Sources */,
				F1F3A0B10F92C9DA00B1FC8A /* CoderCell.m in Sources */,
				F1EDF4491029C3A100A6C475 /* CoderResultsViewController.m in Sources */,
				F1EDF44E1029C3AE00A6C475 /* CoderDetailViewController.m in Sources */,
				F1EDF4531029C3CC00A6C475 /* CompanyResultsViewController.m in Sources */,
				F1EDF4581029C3DD00A6C475 /* CompanyDetailViewController.m in Sources */,
				F1EDF4E41029E37E00A6C475 /* UITableViewCell+CustomNib.m in Sources */,
				F1EDF6751029F9F300A6C475 /* UIImage+Resizing.m in Sources */,
				F181B244102B5BB100E06C6B /* BaseResultsViewController.m in Sources */,
				F181BC58102CCB8E00E06C6B /* NSCharacterSet_Extensions.m in Sources */,
				F181BC59102CCB8E00E06C6B /* CDataScanner_Extensions.m in Sources */,
				F181BC5A102CCB8E00E06C6B /* NSDictionary_JSONExtensions.m in Sources */,
				F181BC5B102CCB8E00E06C6B /* CJSONScanner.m in Sources */,
				F181BC5C102CCB8E00E06C6B /* CJSONSerializer.m in Sources */,
				F181BC5D102CCB8E00E06C6B /* CJSONDeserializer.m in Sources */,
				F181BC5E102CCB8E00E06C6B /* CDataScanner.m in Sources */,
				F181BC5F102CCB8E00E06C6B /* ASIHTTPRequest+JSON.m in Sources */,
				F181BC60102CCB8E00E06C6B /* ASIS3Request.m in Sources */,
				F181BC61102CCB8E00E06C6B /* ASIS3ListRequest.m in Sources */,
				F181BC62102CCB8E00E06C6B /* ASIS3BucketObject.m in Sources */,
				F181BC63102CCB8E00E06C6B /* ASIFormDataRequest.m in Sources */,
				F181BC64102CCB8E00E06C6B /* ASIHTTPRequest.m in Sources */,
				F181BC65102CCB8E00E06C6B /* ASINetworkQueue.m in Sources */,
				F181BC66102CCB8E00E06C6B /* ASINSStringAdditions.m in Sources */,
				F181BFEC102F42EC00E06C6B /* CompanyCell.m in Sources */,
				F181C120102F837300E06C6B /* Constants.m in Sources */,
				F1A5230A102F8BB200F72FE1 /* UIWebImageView.m in Sources */,
				F1A523BE102FB84300F72FE1 /* TwoLabelTableCell.m in Sources */,
			);
			runOnlyForDeploymentPostprocessing = 0;
		};
/* End PBXSourcesBuildPhase section */

/* Begin XCBuildConfiguration section */
		1D6058940D05DD3E006BFB54 /* Debug */ = {
			isa = XCBuildConfiguration;
			buildSettings = {
				ALWAYS_SEARCH_USER_PATHS = NO;
				"CODE_SIGN_IDENTITY[sdk=iphoneos*]" = "iPhone Developer: Mark Christian Jones (8NKE9JCJS2)";
				COPY_PHASE_STRIP = NO;
				GCC_DYNAMIC_NO_PIC = NO;
				GCC_OPTIMIZATION_LEVEL = 0;
				GCC_PRECOMPILE_PREFIX_HEADER = YES;
				GCC_PREFIX_HEADER = Rails_Rankr_Prefix.pch;
				INFOPLIST_FILE = "Rails_Rankr-Info.plist";
				PRODUCT_NAME = "Rails Rankr";
				"PROVISIONING_PROFILE[sdk=iphoneos*]" = "BEC1ACD0-570F-4B2E-8CFD-A3C9AE7AB1EA";
			};
			name = Debug;
		};
		1D6058950D05DD3E006BFB54 /* Release */ = {
			isa = XCBuildConfiguration;
			buildSettings = {
				ALWAYS_SEARCH_USER_PATHS = NO;
				COPY_PHASE_STRIP = YES;
				GCC_PRECOMPILE_PREFIX_HEADER = YES;
				GCC_PREFIX_HEADER = Rails_Rankr_Prefix.pch;
				INFOPLIST_FILE = "Rails_Rankr-Info.plist";
				PRODUCT_NAME = "Rails Rankr";
			};
			name = Release;
		};
		C01FCF4F08A954540054247B /* Debug */ = {
			isa = XCBuildConfiguration;
			buildSettings = {
				ARCHS = "$(ARCHS_STANDARD_32_BIT)";
				"CODE_SIGN_IDENTITY[sdk=iphoneos*]" = "iPhone Developer";
				GCC_C_LANGUAGE_STANDARD = c99;
				GCC_WARN_ABOUT_RETURN_TYPE = YES;
				GCC_WARN_UNUSED_VARIABLE = YES;
				ONLY_ACTIVE_ARCH = YES;
				PREBINDING = NO;
				SDKROOT = iphoneos3.0;
			};
			name = Debug;
		};
		C01FCF5008A954540054247B /* Release */ = {
			isa = XCBuildConfiguration;
			buildSettings = {
				ARCHS = "$(ARCHS_STANDARD_32_BIT)";
				"CODE_SIGN_IDENTITY[sdk=iphoneos*]" = "iPhone Developer";
				GCC_C_LANGUAGE_STANDARD = c99;
				GCC_WARN_ABOUT_RETURN_TYPE = YES;
				GCC_WARN_UNUSED_VARIABLE = YES;
				PREBINDING = NO;
				SDKROOT = iphoneos3.0;
			};
			name = Release;
		};
/* End XCBuildConfiguration section */

/* Begin XCConfigurationList section */
		1D6058960D05DD3E006BFB54 /* Build configuration list for PBXNativeTarget "Rails Rankr" */ = {
			isa = XCConfigurationList;
			buildConfigurations = (
				1D6058940D05DD3E006BFB54 /* Debug */,
				1D6058950D05DD3E006BFB54 /* Release */,
			);
			defaultConfigurationIsVisible = 0;
			defaultConfigurationName = Release;
		};
		C01FCF4E08A954540054247B /* Build configuration list for PBXProject "Rails Rankr" */ = {
			isa = XCConfigurationList;
			buildConfigurations = (
				C01FCF4F08A954540054247B /* Debug */,
				C01FCF5008A954540054247B /* Release */,
			);
			defaultConfigurationIsVisible = 0;
			defaultConfigurationName = Release;
		};
/* End XCConfigurationList section */
	};
	rootObject = 29B97313FDCFA39411CA2CEA /* Project object */;
}
